
Microsoft Visual Studio Solution File, Format Version 12.00
# Visual Studio 15
VisualStudioVersion = 15.0.28307.1800
MinimumVisualStudioVersion = 10.0.40219.1
Project("{FAE04EC0-301F-11D3-BF4B-00C04F79EFBC}") = "Exercício 12 Lista", "Exercício 12 Lista\Exercício 12 Lista.csproj", "{455CEA45-BFAD-4D76-A807-01E846F2514B}"
EndProject
Global
	GlobalSection(SolutionConfigurationPlatforms) = preSolution
		Debug|Any CPU = Debug|Any CPU
		Release|Any CPU = Release|Any CPU
	EndGlobalSection
	GlobalSection(ProjectConfigurationPlatforms) = postSolution
		{455CEA45-BFAD-4D76-A807-01E846F2514B}.Debug|Any CPU.ActiveCfg = Debug|Any CPU
		{455CEA45-BFAD-4D76-A807-01E846F2514B}.Debug|Any CPU.Build.0 = Debug|Any CPU
		{455CEA45-BFAD-4D76-A807-01E846F2514B}.Release|Any CPU.ActiveCfg = Release|Any CPU
		{455CEA45-BFAD-4D76-A807-01E846F2514B}.Release|Any CPU.Build.0 = Release|Any CPU
	EndGlobalSection
	GlobalSection(SolutionProperties) = preSolution
		HideSolutionNode = FALSE
	EndGlobalSection
	GlobalSection(ExtensibilityGlobals) = postSolution
		SolutionGuid = {801DBEB0-4994-4E73-85B2-86E9F5F39929}
	EndGlobalSection
EndGlobal
