
Microsoft Visual Studio Solution File, Format Version 12.00
# Visual Studio 15
VisualStudioVersion = 15.0.28307.1800
MinimumVisualStudioVersion = 10.0.40219.1
Project("{FAE04EC0-301F-11D3-BF4B-00C04F79EFBC}") = "Exercício 9 Lista", "Exercício 9 Lista\Exercício 9 Lista.csproj", "{B34A2962-D6D3-40D3-A5C8-DEE7D2D0A4C8}"
EndProject
Global
	GlobalSection(SolutionConfigurationPlatforms) = preSolution
		Debug|Any CPU = Debug|Any CPU
		Release|Any CPU = Release|Any CPU
	EndGlobalSection
	GlobalSection(ProjectConfigurationPlatforms) = postSolution
		{B34A2962-D6D3-40D3-A5C8-DEE7D2D0A4C8}.Debug|Any CPU.ActiveCfg = Debug|Any CPU
		{B34A2962-D6D3-40D3-A5C8-DEE7D2D0A4C8}.Debug|Any CPU.Build.0 = Debug|Any CPU
		{B34A2962-D6D3-40D3-A5C8-DEE7D2D0A4C8}.Release|Any CPU.ActiveCfg = Release|Any CPU
		{B34A2962-D6D3-40D3-A5C8-DEE7D2D0A4C8}.Release|Any CPU.Build.0 = Release|Any CPU
	EndGlobalSection
	GlobalSection(SolutionProperties) = preSolution
		HideSolutionNode = FALSE
	EndGlobalSection
	GlobalSection(ExtensibilityGlobals) = postSolution
		SolutionGuid = {0B1C8F70-C3F3-4478-B6EB-186AA0D0BE77}
	EndGlobalSection
EndGlobal
