
Microsoft Visual Studio Solution File, Format Version 12.00
# Visual Studio 15
VisualStudioVersion = 15.0.28307.1800
MinimumVisualStudioVersion = 10.0.40219.1
Project("{FAE04EC0-301F-11D3-BF4B-00C04F79EFBC}") = "Morte subita Lucas", "Morte subita Lucas\Morte subita Lucas.csproj", "{E9E5E365-48D5-4258-9B26-D6AF0A1B349E}"
EndProject
Global
	GlobalSection(SolutionConfigurationPlatforms) = preSolution
		Debug|Any CPU = Debug|Any CPU
		Release|Any CPU = Release|Any CPU
	EndGlobalSection
	GlobalSection(ProjectConfigurationPlatforms) = postSolution
		{E9E5E365-48D5-4258-9B26-D6AF0A1B349E}.Debug|Any CPU.ActiveCfg = Debug|Any CPU
		{E9E5E365-48D5-4258-9B26-D6AF0A1B349E}.Debug|Any CPU.Build.0 = Debug|Any CPU
		{E9E5E365-48D5-4258-9B26-D6AF0A1B349E}.Release|Any CPU.ActiveCfg = Release|Any CPU
		{E9E5E365-48D5-4258-9B26-D6AF0A1B349E}.Release|Any CPU.Build.0 = Release|Any CPU
	EndGlobalSection
	GlobalSection(SolutionProperties) = preSolution
		HideSolutionNode = FALSE
	EndGlobalSection
	GlobalSection(ExtensibilityGlobals) = postSolution
		SolutionGuid = {44D84435-C61F-496C-B5B7-BC8AB94725C4}
	EndGlobalSection
EndGlobal
